
Microsoft Visual Studio Solution File, Format Version 12.00
# Visual Studio Version 16
VisualStudioVersion = 16.0.30804.86
MinimumVisualStudioVersion = 10.0.40219.1
Project("{FAE04EC0-301F-11D3-BF4B-00C04F79EFBC}") = "HelloWorld", "HelloWorld\HelloWorld.csproj", "{EA10DDA7-F9A6-410F-AE60-E3A35651FE4D}"
EndProject
Global
	GlobalSection(SolutionConfigurationPlatforms) = preSolution
		Debug|Any CPU = Debug|Any CPU
		Release|Any CPU = Release|Any CPU
	EndGlobalSection
	GlobalSection(ProjectConfigurationPlatforms) = postSolution
		{EA10DDA7-F9A6-410F-AE60-E3A35651FE4D}.Debug|Any CPU.ActiveCfg = Debug|Any CPU
		{EA10DDA7-F9A6-410F-AE60-E3A35651FE4D}.Debug|Any CPU.Build.0 = Debug|Any CPU
		{EA10DDA7-F9A6-410F-AE60-E3A35651FE4D}.Release|Any CPU.ActiveCfg = Release|Any CPU
		{EA10DDA7-F9A6-410F-AE60-E3A35651FE4D}.Release|Any CPU.Build.0 = Release|Any CPU
	EndGlobalSection
	GlobalSection(SolutionProperties) = preSolution
		HideSolutionNode = FALSE
	EndGlobalSection
	GlobalSection(ExtensibilityGlobals) = postSolution
		SolutionGuid = {6BB6AAFD-0F41-4020-99CB-19C8AAE687AC}
	EndGlobalSection
EndGlobal
